
Microsoft Visual Studio Solution File, Format Version 12.00
# Visual Studio Version 16
VisualStudioVersion = 16.0.31729.503
MinimumVisualStudioVersion = 10.0.40219.1
Project("{FAE04EC0-301F-11D3-BF4B-00C04F79EFBC}") = "RabbitMQ Test Service", "RabbitMQ Test Service\RabbitMQ Test Service.csproj", "{B82BE53D-5381-40B2-B665-79F01BD80940}"
EndProject
Global
	GlobalSection(SolutionConfigurationPlatforms) = preSolution
		Debug|Any CPU = Debug|Any CPU
		Release|Any CPU = Release|Any CPU
	EndGlobalSection
	GlobalSection(ProjectConfigurationPlatforms) = postSolution
		{B82BE53D-5381-40B2-B665-79F01BD80940}.Debug|Any CPU.ActiveCfg = Debug|Any CPU
		{B82BE53D-5381-40B2-B665-79F01BD80940}.Debug|Any CPU.Build.0 = Debug|Any CPU
		{B82BE53D-5381-40B2-B665-79F01BD80940}.Release|Any CPU.ActiveCfg = Release|Any CPU
		{B82BE53D-5381-40B2-B665-79F01BD80940}.Release|Any CPU.Build.0 = Release|Any CPU
	EndGlobalSection
	GlobalSection(SolutionProperties) = preSolution
		HideSolutionNode = FALSE
	EndGlobalSection
	GlobalSection(ExtensibilityGlobals) = postSolution
		SolutionGuid = {F8FEF0B8-B141-4F74-8DFB-5CDC3B3E67E8}
	EndGlobalSection
EndGlobal
